
Microsoft Visual Studio Solution File, Format Version 12.00
# Visual Studio Version 16
VisualStudioVersion = 16.0.30804.86
MinimumVisualStudioVersion = 10.0.40219.1
Project("{FAE04EC0-301F-11D3-BF4B-00C04F79EFBC}") = "Project1", "Project1\Project1.csproj", "{B37660D1-3B18-41E6-9851-31F16237FDEE}"
EndProject
Global
	GlobalSection(SolutionConfigurationPlatforms) = preSolution
		Debug|Any CPU = Debug|Any CPU
		Release|Any CPU = Release|Any CPU
	EndGlobalSection
	GlobalSection(ProjectConfigurationPlatforms) = postSolution
		{B37660D1-3B18-41E6-9851-31F16237FDEE}.Debug|Any CPU.ActiveCfg = Debug|Any CPU
		{B37660D1-3B18-41E6-9851-31F16237FDEE}.Debug|Any CPU.Build.0 = Debug|Any CPU
		{B37660D1-3B18-41E6-9851-31F16237FDEE}.Release|Any CPU.ActiveCfg = Release|Any CPU
		{B37660D1-3B18-41E6-9851-31F16237FDEE}.Release|Any CPU.Build.0 = Release|Any CPU
	EndGlobalSection
	GlobalSection(SolutionProperties) = preSolution
		HideSolutionNode = FALSE
	EndGlobalSection
	GlobalSection(ExtensibilityGlobals) = postSolution
		SolutionGuid = {BACC6A26-26EF-4C03-B8AD-DCAD7EEB8262}
	EndGlobalSection
EndGlobal
